// !$*UTF8*$!
{
	archiveVersion = 1;
	classes = {
	};
	objectVersion = 56;
	objects = {

/* Begin PBXBuildFile section */
		4F3DBE852AB95676007D60B7 /* AppDelegate.swift in Sources */ = {isa = PBXBuildFile; fileRef = 4F3DBE842AB95676007D60B7 /* AppDelegate.swift */; };
		4F3DBE872AB95676007D60B7 /* SceneDelegate.swift in Sources */ = {isa = PBXBuildFile; fileRef = 4F3DBE862AB95676007D60B7 /* SceneDelegate.swift */; };
		4F3DBE892AB95676007D60B7 /* ViewController.swift in Sources */ = {isa = PBXBuildFile; fileRef = 4F3DBE882AB95676007D60B7 /* ViewController.swift */; };
		4F3DBE8C2AB95676007D60B7 /* Main.storyboard in Resources */ = {isa = PBXBuildFile; fileRef = 4F3DBE8A2AB95676007D60B7 /* Main.storyboard */; };
		4F3DBE8E2AB95677007D60B7 /* Assets.xcassets in Resources */ = {isa = PBXBuildFile; fileRef = 4F3DBE8D2AB95677007D60B7 /* Assets.xcassets */; };
		4F3DBE912AB95677007D60B7 /* LaunchScreen.storyboard in Resources */ = {isa = PBXBuildFile; fileRef = 4F3DBE8F2AB95677007D60B7 /* LaunchScreen.storyboard */; };
		4F3DBE9C2AB95677007D60B7 /* RomeoAndJulietTests.swift in Sources */ = {isa = PBXBuildFile; fileRef = 4F3DBE9B2AB95677007D60B7 /* RomeoAndJulietTests.swift */; };
		4F3DBEA62AB95677007D60B7 /* RomeoAndJulietUITests.swift in Sources */ = {isa = PBXBuildFile; fileRef = 4F3DBEA52AB95677007D60B7 /* RomeoAndJulietUITests.swift */; };
		4F3DBEA82AB95677007D60B7 /* RomeoAndJulietUITestsLaunchTests.swift in Sources */ = {isa = PBXBuildFile; fileRef = 4F3DBEA72AB95677007D60B7 /* RomeoAndJulietUITestsLaunchTests.swift */; };
/* End PBXBuildFile section */

/* Begin PBXContainerItemProxy section */
		4F3DBE982AB95677007D60B7 /* PBXContainerItemProxy */ = {
			isa = PBXContainerItemProxy;
			containerPortal = 4F3DBE792AB95675007D60B7 /* Project object */;
			proxyType = 1;
			remoteGlobalIDString = 4F3DBE802AB95676007D60B7;
			remoteInfo = RomeoAndJuliet;
		};
		4F3DBEA22AB95677007D60B7 /* PBXContainerItemProxy */ = {
			isa = PBXContainerItemProxy;
			containerPortal = 4F3DBE792AB95675007D60B7 /* Project object */;
			proxyType = 1;
			remoteGlobalIDString = 4F3DBE802AB95676007D60B7;
			remoteInfo = RomeoAndJuliet;
		};
/* End PBXContainerItemProxy section */

/* Begin PBXFileReference section */
		4F3DBE812AB95676007D60B7 /* RomeoAndJuliet.app */ = {isa = PBXFileReference; explicitFileType = wrapper.application; includeInIndex = 0; path = RomeoAndJuliet.app; sourceTree = BUILT_PRODUCTS_DIR; };
		4F3DBE842AB95676007D60B7 /* AppDelegate.swift */ = {isa = PBXFileReference; lastKnownFileType = sourcecode.swift; path = AppDelegate.swift; sourceTree = "<group>"; };
		4F3DBE862AB95676007D60B7 /* SceneDelegate.swift */ = {isa = PBXFileReference; lastKnownFileType = sourcecode.swift; path = SceneDelegate.swift; sourceTree = "<group>"; };
		4F3DBE882AB95676007D60B7 /* ViewController.swift */ = {isa = PBXFileReference; lastKnownFileType = sourcecode.swift; path = ViewController.swift; sourceTree = "<group>"; };
		4F3DBE8B2AB95676007D60B7 /* Base */ = {isa = PBXFileReference; lastKnownFileType = file.storyboard; name = Base; path = Base.lproj/Main.storyboard; sourceTree = "<group>"; };
		4F3DBE8D2AB95677007D60B7 /* Assets.xcassets */ = {isa = PBXFileReference; lastKnownFileType = folder.assetcatalog; path = Assets.xcassets; sourceTree = "<group>"; };
		4F3DBE902AB95677007D60B7 /* Base */ = {isa = PBXFileReference; lastKnownFileType = file.storyboard; name = Base; path = Base.lproj/LaunchScreen.storyboard; sourceTree = "<group>"; };
		4F3DBE922AB95677007D60B7 /* Info.plist */ = {isa = PBXFileReference; lastKnownFileType = text.plist.xml; path = Info.plist; sourceTree = "<group>"; };
		4F3DBE972AB95677007D60B7 /* RomeoAndJulietTests.xctest */ = {isa = PBXFileReference; explicitFileType = wrapper.cfbundle; includeInIndex = 0; path = RomeoAndJulietTests.xctest; sourceTree = BUILT_PRODUCTS_DIR; };
		4F3DBE9B2AB95677007D60B7 /* RomeoAndJulietTests.swift */ = {isa = PBXFileReference; lastKnownFileType = sourcecode.swift; path = RomeoAndJulietTests.swift; sourceTree = "<group>"; };
		4F3DBEA12AB95677007D60B7 /* RomeoAndJulietUITests.xctest */ = {isa = PBXFileReference; explicitFileType = wrapper.cfbundle; includeInIndex = 0; path = RomeoAndJulietUITests.xctest; sourceTree = BUILT_PRODUCTS_DIR; };
		4F3DBEA52AB95677007D60B7 /* RomeoAndJulietUITests.swift */ = {isa = PBXFileReference; lastKnownFileType = sourcecode.swift; path = RomeoAndJulietUITests.swift; sourceTree = "<group>"; };
		4F3DBEA72AB95677007D60B7 /* RomeoAndJulietUITestsLaunchTests.swift */ = {isa = PBXFileReference; lastKnownFileType = sourcecode.swift; path = RomeoAndJulietUITestsLaunchTests.swift; sourceTree = "<group>"; };
		4F3DBEB52AB9754E007D60B7 /* RJCore */ = {isa = PBXFileReference; lastKnownFileType = wrapper; name = RJCore; path = Packages/RJCore; sourceTree = "<group>"; };
		4F3DBEB62AB9766F007D60B7 /* RJServiceImplementations */ = {isa = PBXFileReference; lastKnownFileType = wrapper; name = RJServiceImplementations; path = Packages/RJServiceImplementations; sourceTree = "<group>"; };
/* End PBXFileReference section */

/* Begin PBXFrameworksBuildPhase section */
		4F3DBE7E2AB95676007D60B7 /* Frameworks */ = {
			isa = PBXFrameworksBuildPhase;
			buildActionMask = 2147483647;
			files = (
			);
			runOnlyForDeploymentPostprocessing = 0;
		};
		4F3DBE942AB95677007D60B7 /* Frameworks */ = {
			isa = PBXFrameworksBuildPhase;
			buildActionMask = 2147483647;
			files = (
			);
			runOnlyForDeploymentPostprocessing = 0;
		};
		4F3DBE9E2AB95677007D60B7 /* Frameworks */ = {
			isa = PBXFrameworksBuildPhase;
			buildActionMask = 2147483647;
			files = (
			);
			runOnlyForDeploymentPostprocessing = 0;
		};
/* End PBXFrameworksBuildPhase section */

/* Begin PBXGroup section */
		4F3DBE782AB95675007D60B7 = {
			isa = PBXGroup;
			children = (
				4F3DBEB42AB9754E007D60B7 /* Packages */,
				4F3DBE832AB95676007D60B7 /* RomeoAndJuliet */,
				4F3DBE9A2AB95677007D60B7 /* RomeoAndJulietTests */,
				4F3DBEA42AB95677007D60B7 /* RomeoAndJulietUITests */,
				4F3DBE822AB95676007D60B7 /* Products */,
			);
			sourceTree = "<group>";
		};
		4F3DBE822AB95676007D60B7 /* Products */ = {
			isa = PBXGroup;
			children = (
				4F3DBE812AB95676007D60B7 /* RomeoAndJuliet.app */,
				4F3DBE972AB95677007D60B7 /* RomeoAndJulietTests.xctest */,
				4F3DBEA12AB95677007D60B7 /* RomeoAndJulietUITests.xctest */,
			);
			name = Products;
			sourceTree = "<group>";
		};
		4F3DBE832AB95676007D60B7 /* RomeoAndJuliet */ = {
			isa = PBXGroup;
			children = (
				4F3DBE842AB95676007D60B7 /* AppDelegate.swift */,
				4F3DBE862AB95676007D60B7 /* SceneDelegate.swift */,
				4F3DBE882AB95676007D60B7 /* ViewController.swift */,
				4F3DBE8A2AB95676007D60B7 /* Main.storyboard */,
				4F3DBE8D2AB95677007D60B7 /* Assets.xcassets */,
				4F3DBE8F2AB95677007D60B7 /* LaunchScreen.storyboard */,
				4F3DBE922AB95677007D60B7 /* Info.plist */,
			);
			path = RomeoAndJuliet;
			sourceTree = "<group>";
		};
		4F3DBE9A2AB95677007D60B7 /* RomeoAndJulietTests */ = {
			isa = PBXGroup;
			children = (
				4F3DBE9B2AB95677007D60B7 /* RomeoAndJulietTests.swift */,
			);
			path = RomeoAndJulietTests;
			sourceTree = "<group>";
		};
		4F3DBEA42AB95677007D60B7 /* RomeoAndJulietUITests */ = {
			isa = PBXGroup;
			children = (
				4F3DBEA52AB95677007D60B7 /* RomeoAndJulietUITests.swift */,
				4F3DBEA72AB95677007D60B7 /* RomeoAndJulietUITestsLaunchTests.swift */,
			);
			path = RomeoAndJulietUITests;
			sourceTree = "<group>";
		};
		4F3DBEB42AB9754E007D60B7 /* Packages */ = {
			isa = PBXGroup;
			children = (
				4F3DBEB52AB9754E007D60B7 /* RJCore */,
				4F3DBEB62AB9766F007D60B7 /* RJServiceImplementations */,
			);
			name = Packages;
			sourceTree = "<group>";
		};
/* End PBXGroup section */

/* Begin PBXNativeTarget section */
		4F3DBE802AB95676007D60B7 /* RomeoAndJuliet */ = {
			isa = PBXNativeTarget;
			buildConfigurationList = 4F3DBEAB2AB95677007D60B7 /* Build configuration list for PBXNativeTarget "RomeoAndJuliet" */;
			buildPhases = (
				4F3DBE7D2AB95676007D60B7 /* Sources */,
				4F3DBE7E2AB95676007D60B7 /* Frameworks */,
				4F3DBE7F2AB95676007D60B7 /* Resources */,
			);
			buildRules = (
			);
			dependencies = (
			);
			name = RomeoAndJuliet;
			productName = RomeoAndJuliet;
			productReference = 4F3DBE812AB95676007D60B7 /* RomeoAndJuliet.app */;
			productType = "com.apple.product-type.application";
		};
		4F3DBE962AB95677007D60B7 /* RomeoAndJulietTests */ = {
			isa = PBXNativeTarget;
			buildConfigurationList = 4F3DBEAE2AB95677007D60B7 /* Build configuration list for PBXNativeTarget "RomeoAndJulietTests" */;
			buildPhases = (
				4F3DBE932AB95677007D60B7 /* Sources */,
				4F3DBE942AB95677007D60B7 /* Frameworks */,
				4F3DBE952AB95677007D60B7 /* Resources */,
			);
			buildRules = (
			);
			dependencies = (
				4F3DBE992AB95677007D60B7 /* PBXTargetDependency */,
			);
			name = RomeoAndJulietTests;
			productName = RomeoAndJulietTests;
			productReference = 4F3DBE972AB95677007D60B7 /* RomeoAndJulietTests.xctest */;
			productType = "com.apple.product-type.bundle.unit-test";
		};
		4F3DBEA02AB95677007D60B7 /* RomeoAndJulietUITests */ = {
			isa = PBXNativeTarget;
			buildConfigurationList = 4F3DBEB12AB95677007D60B7 /* Build configuration list for PBXNativeTarget "RomeoAndJulietUITests" */;
			buildPhases = (
				4F3DBE9D2AB95677007D60B7 /* Sources */,
				4F3DBE9E2AB95677007D60B7 /* Frameworks */,
				4F3DBE9F2AB95677007D60B7 /* Resources */,
			);
			buildRules = (
			);
			dependencies = (
				4F3DBEA32AB95677007D60B7 /* PBXTargetDependency */,
			);
			name = RomeoAndJulietUITests;
			productName = RomeoAndJulietUITests;
			productReference = 4F3DBEA12AB95677007D60B7 /* RomeoAndJulietUITests.xctest */;
			productType = "com.apple.product-type.bundle.ui-testing";
		};
/* End PBXNativeTarget section */

/* Begin PBXProject section */
		4F3DBE792AB95675007D60B7 /* Project object */ = {
			isa = PBXProject;
			attributes = {
				BuildIndependentTargetsInParallel = 1;
				LastSwiftUpdateCheck = 1430;
				LastUpgradeCheck = 1430;
				TargetAttributes = {
					4F3DBE802AB95676007D60B7 = {
						CreatedOnToolsVersion = 14.3;
					};
					4F3DBE962AB95677007D60B7 = {
						CreatedOnToolsVersion = 14.3;
						TestTargetID = 4F3DBE802AB95676007D60B7;
					};
					4F3DBEA02AB95677007D60B7 = {
						CreatedOnToolsVersion = 14.3;
						TestTargetID = 4F3DBE802AB95676007D60B7;
					};
				};
			};
			buildConfigurationList = 4F3DBE7C2AB95675007D60B7 /* Build configuration list for PBXProject "RomeoAndJuliet" */;
			compatibilityVersion = "Xcode 14.0";
			developmentRegion = en;
			hasScannedForEncodings = 0;
			knownRegions = (
				en,
				Base,
			);
			mainGroup = 4F3DBE782AB95675007D60B7;
			productRefGroup = 4F3DBE822AB95676007D60B7 /* Products */;
			projectDirPath = "";
			projectRoot = "";
			targets = (
				4F3DBE802AB95676007D60B7 /* RomeoAndJuliet */,
				4F3DBE962AB95677007D60B7 /* RomeoAndJulietTests */,
				4F3DBEA02AB95677007D60B7 /* RomeoAndJulietUITests */,
			);
		};
/* End PBXProject section */

/* Begin PBXResourcesBuildPhase section */
		4F3DBE7F2AB95676007D60B7 /* Resources */ = {
			isa = PBXResourcesBuildPhase;
			buildActionMask = 2147483647;
			files = (
				4F3DBE912AB95677007D60B7 /* LaunchScreen.storyboard in Resources */,
				4F3DBE8E2AB95677007D60B7 /* Assets.xcassets in Resources */,
				4F3DBE8C2AB95676007D60B7 /* Main.storyboard in Resources */,
			);
			runOnlyForDeploymentPostprocessing = 0;
		};
		4F3DBE952AB95677007D60B7 /* Resources */ = {
			isa = PBXResourcesBuildPhase;
			buildActionMask = 2147483647;
			files = (
			);
			runOnlyForDeploymentPostprocessing = 0;
		};
		4F3DBE9F2AB95677007D60B7 /* Resources */ = {
			isa = PBXResourcesBuildPhase;
			buildActionMask = 2147483647;
			files = (
			);
			runOnlyForDeploymentPostprocessing = 0;
		};
/* End PBXResourcesBuildPhase section */

/* Begin PBXSourcesBuildPhase section */
		4F3DBE7D2AB95676007D60B7 /* Sources */ = {
			isa = PBXSourcesBuildPhase;
			buildActionMask = 2147483647;
			files = (
				4F3DBE892AB95676007D60B7 /* ViewController.swift in Sources */,
				4F3DBE852AB95676007D60B7 /* AppDelegate.swift in Sources */,
				4F3DBE872AB95676007D60B7 /* SceneDelegate.swift in Sources */,
			);
			runOnlyForDeploymentPostprocessing = 0;
		};
		4F3DBE932AB95677007D60B7 /* Sources */ = {
			isa = PBXSourcesBuildPhase;
			buildActionMask = 2147483647;
			files = (
				4F3DBE9C2AB95677007D60B7 /* RomeoAndJulietTests.swift in Sources */,
			);
			runOnlyForDeploymentPostprocessing = 0;
		};
		4F3DBE9D2AB95677007D60B7 /* Sources */ = {
			isa = PBXSourcesBuildPhase;
			buildActionMask = 2147483647;
			files = (
				4F3DBEA82AB95677007D60B7 /* RomeoAndJulietUITestsLaunchTests.swift in Sources */,
				4F3DBEA62AB95677007D60B7 /* RomeoAndJulietUITests.swift in Sources */,
			);
			runOnlyForDeploymentPostprocessing = 0;
		};
/* End PBXSourcesBuildPhase section */

/* Begin PBXTargetDependency section */
		4F3DBE992AB95677007D60B7 /* PBXTargetDependency */ = {
			isa = PBXTargetDependency;
			target = 4F3DBE802AB95676007D60B7 /* RomeoAndJuliet */;
			targetProxy = 4F3DBE982AB95677007D60B7 /* PBXContainerItemProxy */;
		};
		4F3DBEA32AB95677007D60B7 /* PBXTargetDependency */ = {
			isa = PBXTargetDependency;
			target = 4F3DBE802AB95676007D60B7 /* RomeoAndJuliet */;
			targetProxy = 4F3DBEA22AB95677007D60B7 /* PBXContainerItemProxy */;
		};
/* End PBXTargetDependency section */

/* Begin PBXVariantGroup section */
		4F3DBE8A2AB95676007D60B7 /* Main.storyboard */ = {
			isa = PBXVariantGroup;
			children = (
				4F3DBE8B2AB95676007D60B7 /* Base */,
			);
			name = Main.storyboard;
			sourceTree = "<group>";
		};
		4F3DBE8F2AB95677007D60B7 /* LaunchScreen.storyboard */ = {
			isa = PBXVariantGroup;
			children = (
				4F3DBE902AB95677007D60B7 /* Base */,
			);
			name = LaunchScreen.storyboard;
			sourceTree = "<group>";
		};
/* End PBXVariantGroup section */

/* Begin XCBuildConfiguration section */
		4F3DBEA92AB95677007D60B7 /* Debug */ = {
			isa = XCBuildConfiguration;
			buildSettings = {
				ALWAYS_SEARCH_USER_PATHS = NO;
				CLANG_ANALYZER_NONNULL = YES;
				CLANG_ANALYZER_NUMBER_OBJECT_CONVERSION = YES_AGGRESSIVE;
				CLANG_CXX_LANGUAGE_STANDARD = "gnu++20";
				CLANG_ENABLE_MODULES = YES;
				CLANG_ENABLE_OBJC_ARC = YES;
				CLANG_ENABLE_OBJC_WEAK = YES;
				CLANG_WARN_BLOCK_CAPTURE_AUTORELEASING = YES;
				CLANG_WARN_BOOL_CONVERSION = YES;
				CLANG_WARN_COMMA = YES;
				CLANG_WARN_CONSTANT_CONVERSION = YES;
				CLANG_WARN_DEPRECATED_OBJC_IMPLEMENTATIONS = YES;
				CLANG_WARN_DIRECT_OBJC_ISA_USAGE = YES_ERROR;
				CLANG_WARN_DOCUMENTATION_COMMENTS = YES;
				CLANG_WARN_EMPTY_BODY = YES;
				CLANG_WARN_ENUM_CONVERSION = YES;
				CLANG_WARN_INFINITE_RECURSION = YES;
				CLANG_WARN_INT_CONVERSION = YES;
				CLANG_WARN_NON_LITERAL_NULL_CONVERSION = YES;
				CLANG_WARN_OBJC_IMPLICIT_RETAIN_SELF = YES;
				CLANG_WARN_OBJC_LITERAL_CONVERSION = YES;
				CLANG_WARN_OBJC_ROOT_CLASS = YES_ERROR;
				CLANG_WARN_QUOTED_INCLUDE_IN_FRAMEWORK_HEADER = YES;
				CLANG_WARN_RANGE_LOOP_ANALYSIS = YES;
				CLANG_WARN_STRICT_PROTOTYPES = YES;
				CLANG_WARN_SUSPICIOUS_MOVE = YES;
				CLANG_WARN_UNGUARDED_AVAILABILITY = YES_AGGRESSIVE;
				CLANG_WARN_UNREACHABLE_CODE = YES;
				CLANG_WARN__DUPLICATE_METHOD_MATCH = YES;
				COPY_PHASE_STRIP = NO;
				DEBUG_INFORMATION_FORMAT = dwarf;
				ENABLE_STRICT_OBJC_MSGSEND = YES;
				ENABLE_TESTABILITY = YES;
				GCC_C_LANGUAGE_STANDARD = gnu11;
				GCC_DYNAMIC_NO_PIC = NO;
				GCC_NO_COMMON_BLOCKS = YES;
				GCC_OPTIMIZATION_LEVEL = 0;
				GCC_PREPROCESSOR_DEFINITIONS = (
					"DEBUG=1",
					"$(inherited)",
				);
				GCC_WARN_64_TO_32_BIT_CONVERSION = YES;
				GCC_WARN_ABOUT_RETURN_TYPE = YES_ERROR;
				GCC_WARN_UNDECLARED_SELECTOR = YES;
				GCC_WARN_UNINITIALIZED_AUTOS = YES_AGGRESSIVE;
				GCC_WARN_UNUSED_FUNCTION = YES;
				GCC_WARN_UNUSED_VARIABLE = YES;
				IPHONEOS_DEPLOYMENT_TARGET = 16.4;
				MTL_ENABLE_DEBUG_INFO = INCLUDE_SOURCE;
				MTL_FAST_MATH = YES;
				ONLY_ACTIVE_ARCH = YES;
				SDKROOT = iphoneos;
				SWIFT_ACTIVE_COMPILATION_CONDITIONS = DEBUG;
				SWIFT_OPTIMIZATION_LEVEL = "-Onone";
			};
			name = Debug;
		};
		4F3DBEAA2AB95677007D60B7 /* Release */ = {
			isa = XCBuildConfiguration;
			buildSettings = {
				ALWAYS_SEARCH_USER_PATHS = NO;
				CLANG_ANALYZER_NONNULL = YES;
				CLANG_ANALYZER_NUMBER_OBJECT_CONVERSION = YES_AGGRESSIVE;
				CLANG_CXX_LANGUAGE_STANDARD = "gnu++20";
				CLANG_ENABLE_MODULES = YES;
				CLANG_ENABLE_OBJC_ARC = YES;
				CLANG_ENABLE_OBJC_WEAK = YES;
				CLANG_WARN_BLOCK_CAPTURE_AUTORELEASING = YES;
				CLANG_WARN_BOOL_CONVERSION = YES;
				CLANG_WARN_COMMA = YES;
				CLANG_WARN_CONSTANT_CONVERSION = YES;
				CLANG_WARN_DEPRECATED_OBJC_IMPLEMENTATIONS = YES;
				CLANG_WARN_DIRECT_OBJC_ISA_USAGE = YES_ERROR;
				CLANG_WARN_DOCUMENTATION_COMMENTS = YES;
				CLANG_WARN_EMPTY_BODY = YES;
				CLANG_WARN_ENUM_CONVERSION = YES;
				CLANG_WARN_INFINITE_RECURSION = YES;
				CLANG_WARN_INT_CONVERSION = YES;
				CLANG_WARN_NON_LITERAL_NULL_CONVERSION = YES;
				CLANG_WARN_OBJC_IMPLICIT_RETAIN_SELF = YES;
				CLANG_WARN_OBJC_LITERAL_CONVERSION = YES;
				CLANG_WARN_OBJC_ROOT_CLASS = YES_ERROR;
				CLANG_WARN_QUOTED_INCLUDE_IN_FRAMEWORK_HEADER = YES;
				CLANG_WARN_RANGE_LOOP_ANALYSIS = YES;
				CLANG_WARN_STRICT_PROTOTYPES = YES;
				CLANG_WARN_SUSPICIOUS_MOVE = YES;
				CLANG_WARN_UNGUARDED_AVAILABILITY = YES_AGGRESSIVE;
				CLANG_WARN_UNREACHABLE_CODE = YES;
				CLANG_WARN__DUPLICATE_METHOD_MATCH = YES;
				COPY_PHASE_STRIP = NO;
				DEBUG_INFORMATION_FORMAT = "dwarf-with-dsym";
				ENABLE_NS_ASSERTIONS = NO;
				ENABLE_STRICT_OBJC_MSGSEND = YES;
				GCC_C_LANGUAGE_STANDARD = gnu11;
				GCC_NO_COMMON_BLOCKS = YES;
				GCC_WARN_64_TO_32_BIT_CONVERSION = YES;
				GCC_WARN_ABOUT_RETURN_TYPE = YES_ERROR;
				GCC_WARN_UNDECLARED_SELECTOR = YES;
				GCC_WARN_UNINITIALIZED_AUTOS = YES_AGGRESSIVE;
				GCC_WARN_UNUSED_FUNCTION = YES;
				GCC_WARN_UNUSED_VARIABLE = YES;
				IPHONEOS_DEPLOYMENT_TARGET = 16.4;
				MTL_ENABLE_DEBUG_INFO = NO;
				MTL_FAST_MATH = YES;
				SDKROOT = iphoneos;
				SWIFT_COMPILATION_MODE = wholemodule;
				SWIFT_OPTIMIZATION_LEVEL = "-O";
				VALIDATE_PRODUCT = YES;
			};
			name = Release;
		};
		4F3DBEAC2AB95677007D60B7 /* Debug */ = {
			isa = XCBuildConfiguration;
			buildSettings = {
				ASSETCATALOG_COMPILER_APPICON_NAME = AppIcon;
				ASSETCATALOG_COMPILER_GLOBAL_ACCENT_COLOR_NAME = AccentColor;
				CODE_SIGN_STYLE = Automatic;
				CURRENT_PROJECT_VERSION = 1;
				DEVELOPMENT_TEAM = 3Y7Z957SH7;
				GENERATE_INFOPLIST_FILE = YES;
				INFOPLIST_FILE = RomeoAndJuliet/Info.plist;
				INFOPLIST_KEY_UIApplicationSupportsIndirectInputEvents = YES;
				INFOPLIST_KEY_UILaunchStoryboardName = LaunchScreen;
				INFOPLIST_KEY_UIMainStoryboardFile = Main;
				INFOPLIST_KEY_UISupportedInterfaceOrientations_iPad = "UIInterfaceOrientationPortrait UIInterfaceOrientationPortraitUpsideDown UIInterfaceOrientationLandscapeLeft UIInterfaceOrientationLandscapeRight";
				INFOPLIST_KEY_UISupportedInterfaceOrientations_iPhone = "UIInterfaceOrientationPortrait UIInterfaceOrientationLandscapeLeft UIInterfaceOrientationLandscapeRight";
				LD_RUNPATH_SEARCH_PATHS = (
					"$(inherited)",
					"@executable_path/Frameworks",
				);
				MARKETING_VERSION = 1.0;
				PRODUCT_BUNDLE_IDENTIFIER = dc.RomeoAndJuliet;
				PRODUCT_NAME = "$(TARGET_NAME)";
				SWIFT_EMIT_LOC_STRINGS = YES;
				SWIFT_VERSION = 5.0;
				TARGETED_DEVICE_FAMILY = "1,2";
			};
			name = Debug;
		};
		4F3DBEAD2AB95677007D60B7 /* Release */ = {
			isa = XCBuildConfiguration;
			buildSettings = {
				ASSETCATALOG_COMPILER_APPICON_NAME = AppIcon;
				ASSETCATALOG_COMPILER_GLOBAL_ACCENT_COLOR_NAME = AccentColor;
				CODE_SIGN_STYLE = Automatic;
				CURRENT_PROJECT_VERSION = 1;
				DEVELOPMENT_TEAM = 3Y7Z957SH7;
				GENERATE_INFOPLIST_FILE = YES;
				INFOPLIST_FILE = RomeoAndJuliet/Info.plist;
				INFOPLIST_KEY_UIApplicationSupportsIndirectInputEvents = YES;
				INFOPLIST_KEY_UILaunchStoryboardName = LaunchScreen;
				INFOPLIST_KEY_UIMainStoryboardFile = Main;
				INFOPLIST_KEY_UISupportedInterfaceOrientations_iPad = "UIInterfaceOrientationPortrait UIInterfaceOrientationPortraitUpsideDown UIInterfaceOrientationLandscapeLeft UIInterfaceOrientationLandscapeRight";
				INFOPLIST_KEY_UISupportedInterfaceOrientations_iPhone = "UIInterfaceOrientationPortrait UIInterfaceOrientationLandscapeLeft UIInterfaceOrientationLandscapeRight";
				LD_RUNPATH_SEARCH_PATHS = (
					"$(inherited)",
					"@executable_path/Frameworks",
				);
				MARKETING_VERSION = 1.0;
				PRODUCT_BUNDLE_IDENTIFIER = dc.RomeoAndJuliet;
				PRODUCT_NAME = "$(TARGET_NAME)";
				SWIFT_EMIT_LOC_STRINGS = YES;
				SWIFT_VERSION = 5.0;
				TARGETED_DEVICE_FAMILY = "1,2";
			};
			name = Release;
		};
		4F3DBEAF2AB95677007D60B7 /* Debug */ = {
			isa = XCBuildConfiguration;
			buildSettings = {
				ALWAYS_EMBED_SWIFT_STANDARD_LIBRARIES = YES;
				BUNDLE_LOADER = "$(TEST_HOST)";
				CODE_SIGN_STYLE = Automatic;
				CURRENT_PROJECT_VERSION = 1;
				DEVELOPMENT_TEAM = 3Y7Z957SH7;
				GENERATE_INFOPLIST_FILE = YES;
				IPHONEOS_DEPLOYMENT_TARGET = 16.4;
				MARKETING_VERSION = 1.0;
				PRODUCT_BUNDLE_IDENTIFIER = dc.RomeoAndJulietTests;
				PRODUCT_NAME = "$(TARGET_NAME)";
				SWIFT_EMIT_LOC_STRINGS = NO;
				SWIFT_VERSION = 5.0;
				TARGETED_DEVICE_FAMILY = "1,2";
				TEST_HOST = "$(BUILT_PRODUCTS_DIR)/RomeoAndJuliet.app/$(BUNDLE_EXECUTABLE_FOLDER_PATH)/RomeoAndJuliet";
			};
			name = Debug;
		};
		4F3DBEB02AB95677007D60B7 /* Release */ = {
			isa = XCBuildConfiguration;
			buildSettings = {
				ALWAYS_EMBED_SWIFT_STANDARD_LIBRARIES = YES;
				BUNDLE_LOADER = "$(TEST_HOST)";
				CODE_SIGN_STYLE = Automatic;
				CURRENT_PROJECT_VERSION = 1;
				DEVELOPMENT_TEAM = 3Y7Z957SH7;
				GENERATE_INFOPLIST_FILE = YES;
				IPHONEOS_DEPLOYMENT_TARGET = 16.4;
				MARKETING_VERSION = 1.0;
				PRODUCT_BUNDLE_IDENTIFIER = dc.RomeoAndJulietTests;
				PRODUCT_NAME = "$(TARGET_NAME)";
				SWIFT_EMIT_LOC_STRINGS = NO;
				SWIFT_VERSION = 5.0;
				TARGETED_DEVICE_FAMILY = "1,2";
				TEST_HOST = "$(BUILT_PRODUCTS_DIR)/RomeoAndJuliet.app/$(BUNDLE_EXECUTABLE_FOLDER_PATH)/RomeoAndJuliet";
			};
			name = Release;
		};
		4F3DBEB22AB95677007D60B7 /* Debug */ = {
			isa = XCBuildConfiguration;
			buildSettings = {
				ALWAYS_EMBED_SWIFT_STANDARD_LIBRARIES = YES;
				CODE_SIGN_STYLE = Automatic;
				CURRENT_PROJECT_VERSION = 1;
				DEVELOPMENT_TEAM = 3Y7Z957SH7;
				GENERATE_INFOPLIST_FILE = YES;
				MARKETING_VERSION = 1.0;
				PRODUCT_BUNDLE_IDENTIFIER = dc.RomeoAndJulietUITests;
				PRODUCT_NAME = "$(TARGET_NAME)";
				SWIFT_EMIT_LOC_STRINGS = NO;
				SWIFT_VERSION = 5.0;
				TARGETED_DEVICE_FAMILY = "1,2";
				TEST_TARGET_NAME = RomeoAndJuliet;
			};
			name = Debug;
		};
		4F3DBEB32AB95677007D60B7 /* Release */ = {
			isa = XCBuildConfiguration;
			buildSettings = {
				ALWAYS_EMBED_SWIFT_STANDARD_LIBRARIES = YES;
				CODE_SIGN_STYLE = Automatic;
				CURRENT_PROJECT_VERSION = 1;
				DEVELOPMENT_TEAM = 3Y7Z957SH7;
				GENERATE_INFOPLIST_FILE = YES;
				MARKETING_VERSION = 1.0;
				PRODUCT_BUNDLE_IDENTIFIER = dc.RomeoAndJulietUITests;
				PRODUCT_NAME = "$(TARGET_NAME)";
				SWIFT_EMIT_LOC_STRINGS = NO;
				SWIFT_VERSION = 5.0;
				TARGETED_DEVICE_FAMILY = "1,2";
				TEST_TARGET_NAME = RomeoAndJuliet;
			};
			name = Release;
		};
/* End XCBuildConfiguration section */

/* Begin XCConfigurationList section */
		4F3DBE7C2AB95675007D60B7 /* Build configuration list for PBXProject "RomeoAndJuliet" */ = {
			isa = XCConfigurationList;
			buildConfigurations = (
				4F3DBEA92AB95677007D60B7 /* Debug */,
				4F3DBEAA2AB95677007D60B7 /* Release */,
			);
			defaultConfigurationIsVisible = 0;
			defaultConfigurationName = Release;
		};
		4F3DBEAB2AB95677007D60B7 /* Build configuration list for PBXNativeTarget "RomeoAndJuliet" */ = {
			isa = XCConfigurationList;
			buildConfigurations = (
				4F3DBEAC2AB95677007D60B7 /* Debug */,
				4F3DBEAD2AB95677007D60B7 /* Release */,
			);
			defaultConfigurationIsVisible = 0;
			defaultConfigurationName = Release;
		};
		4F3DBEAE2AB95677007D60B7 /* Build configuration list for PBXNativeTarget "RomeoAndJulietTests" */ = {
			isa = XCConfigurationList;
			buildConfigurations = (
				4F3DBEAF2AB95677007D60B7 /* Debug */,
				4F3DBEB02AB95677007D60B7 /* Release */,
			);
			defaultConfigurationIsVisible = 0;
			defaultConfigurationName = Release;
		};
		4F3DBEB12AB95677007D60B7 /* Build configuration list for PBXNativeTarget "RomeoAndJulietUITests" */ = {
			isa = XCConfigurationList;
			buildConfigurations = (
				4F3DBEB22AB95677007D60B7 /* Debug */,
				4F3DBEB32AB95677007D60B7 /* Release */,
			);
			defaultConfigurationIsVisible = 0;
			defaultConfigurationName = Release;
		};
/* End XCConfigurationList section */
	};
	rootObject = 4F3DBE792AB95675007D60B7 /* Project object */;
}
